
Microsoft Visual Studio Solution File, Format Version 12.00
# Visual Studio Version 16
VisualStudioVersion = 16.0.31911.196
MinimumVisualStudioVersion = 10.0.40219.1
Project("{9A19103F-16F7-4668-BE54-9A1E7A4F7556}") = "Product.Api", "Product.Api\Product.Api.csproj", "{040907A9-B76E-48D7-9D1A-C902334150DC}"
EndProject
Project("{9A19103F-16F7-4668-BE54-9A1E7A4F7556}") = "Product.Core", "Product.Core\Product.Core.csproj", "{A9CC7DB5-5028-4FD2-804E-39249BBAF967}"
EndProject
Project("{9A19103F-16F7-4668-BE54-9A1E7A4F7556}") = "Product.Data", "Product.Data\Product.Data.csproj", "{7FEEE92B-5714-456C-8EEB-DF48E200C148}"
EndProject
Project("{9A19103F-16F7-4668-BE54-9A1E7A4F7556}") = "Product.Service", "Product.Service\Product.Service.csproj", "{1BBBDF23-EB89-4F15-A9B8-4281EF0C5306}"
EndProject
Project("{FAE04EC0-301F-11D3-BF4B-00C04F79EFBC}") = "Product.UnitTest", "Product.UnitTest\Product.UnitTest.csproj", "{4E78C9C5-6662-4AC5-BCAF-0359C0608753}"
EndProject
Global
	GlobalSection(SolutionConfigurationPlatforms) = preSolution
		Debug|Any CPU = Debug|Any CPU
		Release|Any CPU = Release|Any CPU
	EndGlobalSection
	GlobalSection(ProjectConfigurationPlatforms) = postSolution
		{040907A9-B76E-48D7-9D1A-C902334150DC}.Debug|Any CPU.ActiveCfg = Debug|Any CPU
		{040907A9-B76E-48D7-9D1A-C902334150DC}.Debug|Any CPU.Build.0 = Debug|Any CPU
		{040907A9-B76E-48D7-9D1A-C902334150DC}.Release|Any CPU.ActiveCfg = Release|Any CPU
		{040907A9-B76E-48D7-9D1A-C902334150DC}.Release|Any CPU.Build.0 = Release|Any CPU
		{A9CC7DB5-5028-4FD2-804E-39249BBAF967}.Debug|Any CPU.ActiveCfg = Debug|Any CPU
		{A9CC7DB5-5028-4FD2-804E-39249BBAF967}.Debug|Any CPU.Build.0 = Debug|Any CPU
		{A9CC7DB5-5028-4FD2-804E-39249BBAF967}.Release|Any CPU.ActiveCfg = Release|Any CPU
		{A9CC7DB5-5028-4FD2-804E-39249BBAF967}.Release|Any CPU.Build.0 = Release|Any CPU
		{7FEEE92B-5714-456C-8EEB-DF48E200C148}.Debug|Any CPU.ActiveCfg = Debug|Any CPU
		{7FEEE92B-5714-456C-8EEB-DF48E200C148}.Debug|Any CPU.Build.0 = Debug|Any CPU
		{7FEEE92B-5714-456C-8EEB-DF48E200C148}.Release|Any CPU.ActiveCfg = Release|Any CPU
		{7FEEE92B-5714-456C-8EEB-DF48E200C148}.Release|Any CPU.Build.0 = Release|Any CPU
		{1BBBDF23-EB89-4F15-A9B8-4281EF0C5306}.Debug|Any CPU.ActiveCfg = Debug|Any CPU
		{1BBBDF23-EB89-4F15-A9B8-4281EF0C5306}.Debug|Any CPU.Build.0 = Debug|Any CPU
		{1BBBDF23-EB89-4F15-A9B8-4281EF0C5306}.Release|Any CPU.ActiveCfg = Release|Any CPU
		{1BBBDF23-EB89-4F15-A9B8-4281EF0C5306}.Release|Any CPU.Build.0 = Release|Any CPU
		{4E78C9C5-6662-4AC5-BCAF-0359C0608753}.Debug|Any CPU.ActiveCfg = Debug|Any CPU
		{4E78C9C5-6662-4AC5-BCAF-0359C0608753}.Debug|Any CPU.Build.0 = Debug|Any CPU
		{4E78C9C5-6662-4AC5-BCAF-0359C0608753}.Release|Any CPU.ActiveCfg = Release|Any CPU
		{4E78C9C5-6662-4AC5-BCAF-0359C0608753}.Release|Any CPU.Build.0 = Release|Any CPU
	EndGlobalSection
	GlobalSection(SolutionProperties) = preSolution
		HideSolutionNode = FALSE
	EndGlobalSection
	GlobalSection(ExtensibilityGlobals) = postSolution
		SolutionGuid = {413C9028-3BF4-404E-AEBD-03196E5BF3D9}
	EndGlobalSection
EndGlobal
